
Microsoft Visual Studio Solution File, Format Version 12.00
# Visual Studio Version 17
VisualStudioVersion = 17.9.34723.18
MinimumVisualStudioVersion = 15.0.26124.0
Project("{FAE04EC0-301F-11D3-BF4B-00C04F79EFBC}") = "Izayoi.Data.Comparable", "..\Izayoi.Data.Comparable\Runtime\Izayoi.Data.Comparable.csproj", "{EBAF2465-1DE7-4923-ACE7-89599C5B151D}"
EndProject
Project("{FAE04EC0-301F-11D3-BF4B-00C04F79EFBC}") = "Izayoi.Data.Comparable.Test", "..\Izayoi.Data.Comparable.Test\Izayoi.Data.Comparable.Test.csproj", "{18DDBBDF-6724-4121-B207-A4BB5D4707D1}"
EndProject
Project("{9A19103F-16F7-4668-BE54-9A1E7A4F7556}") = "Izayoi.Data.DbCommandAdapter", "..\Izayoi.Data.DbCommandAdapter\Runtime\Izayoi.Data.DbCommandAdapter.csproj", "{8D715A5E-A2CD-418B-A42D-ACF019CBB2C6}"
EndProject
Project("{9A19103F-16F7-4668-BE54-9A1E7A4F7556}") = "Izayoi.Data.DbDataMapper", "..\Izayoi.Data.DbDataMapper\Runtime\Izayoi.Data.DbDataMapper.csproj", "{9C726498-099C-4BBC-B09E-BB5200725FFA}"
EndProject
Project("{FAE04EC0-301F-11D3-BF4B-00C04F79EFBC}") = "Izayoi.Data.Packs", "..\Izayoi.Data.Packs\Runtime\Izayoi.Data.Packs.csproj", "{5FC7452B-FFFD-4C87-B108-8D5CE7A435F3}"
EndProject
Project("{FAE04EC0-301F-11D3-BF4B-00C04F79EFBC}") = "Izayoi.Data.Packs.Test", "..\Izayoi.Data.Packs.Test\Izayoi.Data.Packs.Test.csproj", "{CB72D481-AFE7-49C7-BD2A-DC34BEBF9055}"
EndProject
Project("{9A19103F-16F7-4668-BE54-9A1E7A4F7556}") = "Izayoi.Data.Query", "..\Izayoi.Data.Query\Runtime\Izayoi.Data.Query.csproj", "{47C0A5DD-9008-4976-8B37-9CCBF732C2AB}"
EndProject
Project("{9A19103F-16F7-4668-BE54-9A1E7A4F7556}") = "Izayoi.Data.Query.Test", "..\Izayoi.Data.Query.Test\Izayoi.Data.Query.Test.csproj", "{9C274E82-32E3-48FA-8910-E4D99B8CAB2F}"
EndProject
Project("{9A19103F-16F7-4668-BE54-9A1E7A4F7556}") = "Izayoi.Data.Repository", "..\Izayoi.Data.Repository\Runtime\Izayoi.Data.Repository.csproj", "{73C373E1-7303-4FA6-816C-4DBC1FF2984E}"
EndProject
Project("{9A19103F-16F7-4668-BE54-9A1E7A4F7556}") = "Izayoi.Data.Test", "..\Izayoi.Data.Test\Izayoi.Data.Test.csproj", "{B691D20B-31BB-404D-A016-41A07D4CE3EB}"
EndProject
Project("{9A19103F-16F7-4668-BE54-9A1E7A4F7556}") = "Izayoi.Data.TimestampedObjects", "..\Izayoi.Data.TimestampedObjects\Runtime\Izayoi.Data.TimestampedObjects.csproj", "{931B2290-3EB9-4C85-B934-8D255D23FA49}"
EndProject
Project("{9A19103F-16F7-4668-BE54-9A1E7A4F7556}") = "Izayoi.Data.TimestampedObjects.Test", "..\Izayoi.Data.TimestampedObjects.Test\Izayoi.Data.TimestampedObjects.Test.csproj", "{97F60180-ADB2-4501-AFE2-B132995A7BEF}"
EndProject
Project("{9A19103F-16F7-4668-BE54-9A1E7A4F7556}") = "Izayoi.Data.Validation", "..\Izayoi.Data.Validation\Runtime\Izayoi.Data.Validation.csproj", "{48C98C22-3FA8-4610-8004-0539FC988C7E}"
EndProject
Project("{9A19103F-16F7-4668-BE54-9A1E7A4F7556}") = "Izayoi.Data.Validation.Test", "..\Izayoi.Data.Validation.Test\Izayoi.Data.Validation.Test.csproj", "{1F80324B-7244-472E-BCB1-514627E752AA}"
EndProject
Global
	GlobalSection(SolutionConfigurationPlatforms) = preSolution
		Debug|Any CPU = Debug|Any CPU
		Release|Any CPU = Release|Any CPU
	EndGlobalSection
	GlobalSection(ProjectConfigurationPlatforms) = postSolution
		{EBAF2465-1DE7-4923-ACE7-89599C5B151D}.Debug|Any CPU.ActiveCfg = Debug|Any CPU
		{EBAF2465-1DE7-4923-ACE7-89599C5B151D}.Debug|Any CPU.Build.0 = Debug|Any CPU
		{EBAF2465-1DE7-4923-ACE7-89599C5B151D}.Release|Any CPU.ActiveCfg = Release|Any CPU
		{EBAF2465-1DE7-4923-ACE7-89599C5B151D}.Release|Any CPU.Build.0 = Release|Any CPU
		{18DDBBDF-6724-4121-B207-A4BB5D4707D1}.Debug|Any CPU.ActiveCfg = Debug|Any CPU
		{18DDBBDF-6724-4121-B207-A4BB5D4707D1}.Debug|Any CPU.Build.0 = Debug|Any CPU
		{18DDBBDF-6724-4121-B207-A4BB5D4707D1}.Release|Any CPU.ActiveCfg = Release|Any CPU
		{18DDBBDF-6724-4121-B207-A4BB5D4707D1}.Release|Any CPU.Build.0 = Release|Any CPU
		{8D715A5E-A2CD-418B-A42D-ACF019CBB2C6}.Debug|Any CPU.ActiveCfg = Debug|Any CPU
		{8D715A5E-A2CD-418B-A42D-ACF019CBB2C6}.Debug|Any CPU.Build.0 = Debug|Any CPU
		{8D715A5E-A2CD-418B-A42D-ACF019CBB2C6}.Release|Any CPU.ActiveCfg = Release|Any CPU
		{8D715A5E-A2CD-418B-A42D-ACF019CBB2C6}.Release|Any CPU.Build.0 = Release|Any CPU
		{9C726498-099C-4BBC-B09E-BB5200725FFA}.Debug|Any CPU.ActiveCfg = Debug|Any CPU
		{9C726498-099C-4BBC-B09E-BB5200725FFA}.Debug|Any CPU.Build.0 = Debug|Any CPU
		{9C726498-099C-4BBC-B09E-BB5200725FFA}.Release|Any CPU.ActiveCfg = Release|Any CPU
		{9C726498-099C-4BBC-B09E-BB5200725FFA}.Release|Any CPU.Build.0 = Release|Any CPU
		{5FC7452B-FFFD-4C87-B108-8D5CE7A435F3}.Debug|Any CPU.ActiveCfg = Debug|Any CPU
		{5FC7452B-FFFD-4C87-B108-8D5CE7A435F3}.Debug|Any CPU.Build.0 = Debug|Any CPU
		{5FC7452B-FFFD-4C87-B108-8D5CE7A435F3}.Release|Any CPU.ActiveCfg = Release|Any CPU
		{5FC7452B-FFFD-4C87-B108-8D5CE7A435F3}.Release|Any CPU.Build.0 = Release|Any CPU
		{CB72D481-AFE7-49C7-BD2A-DC34BEBF9055}.Debug|Any CPU.ActiveCfg = Debug|Any CPU
		{CB72D481-AFE7-49C7-BD2A-DC34BEBF9055}.Debug|Any CPU.Build.0 = Debug|Any CPU
		{CB72D481-AFE7-49C7-BD2A-DC34BEBF9055}.Release|Any CPU.ActiveCfg = Release|Any CPU
		{CB72D481-AFE7-49C7-BD2A-DC34BEBF9055}.Release|Any CPU.Build.0 = Release|Any CPU
		{47C0A5DD-9008-4976-8B37-9CCBF732C2AB}.Debug|Any CPU.ActiveCfg = Debug|Any CPU
		{47C0A5DD-9008-4976-8B37-9CCBF732C2AB}.Debug|Any CPU.Build.0 = Debug|Any CPU
		{47C0A5DD-9008-4976-8B37-9CCBF732C2AB}.Release|Any CPU.ActiveCfg = Release|Any CPU
		{47C0A5DD-9008-4976-8B37-9CCBF732C2AB}.Release|Any CPU.Build.0 = Release|Any CPU
		{9C274E82-32E3-48FA-8910-E4D99B8CAB2F}.Debug|Any CPU.ActiveCfg = Debug|Any CPU
		{9C274E82-32E3-48FA-8910-E4D99B8CAB2F}.Debug|Any CPU.Build.0 = Debug|Any CPU
		{9C274E82-32E3-48FA-8910-E4D99B8CAB2F}.Release|Any CPU.ActiveCfg = Release|Any CPU
		{9C274E82-32E3-48FA-8910-E4D99B8CAB2F}.Release|Any CPU.Build.0 = Release|Any CPU
		{73C373E1-7303-4FA6-816C-4DBC1FF2984E}.Debug|Any CPU.ActiveCfg = Debug|Any CPU
		{73C373E1-7303-4FA6-816C-4DBC1FF2984E}.Debug|Any CPU.Build.0 = Debug|Any CPU
		{73C373E1-7303-4FA6-816C-4DBC1FF2984E}.Release|Any CPU.ActiveCfg = Release|Any CPU
		{73C373E1-7303-4FA6-816C-4DBC1FF2984E}.Release|Any CPU.Build.0 = Release|Any CPU
		{B691D20B-31BB-404D-A016-41A07D4CE3EB}.Debug|Any CPU.ActiveCfg = Debug|Any CPU
		{B691D20B-31BB-404D-A016-41A07D4CE3EB}.Debug|Any CPU.Build.0 = Debug|Any CPU
		{B691D20B-31BB-404D-A016-41A07D4CE3EB}.Release|Any CPU.ActiveCfg = Release|Any CPU
		{B691D20B-31BB-404D-A016-41A07D4CE3EB}.Release|Any CPU.Build.0 = Release|Any CPU
		{931B2290-3EB9-4C85-B934-8D255D23FA49}.Debug|Any CPU.ActiveCfg = Debug|Any CPU
		{931B2290-3EB9-4C85-B934-8D255D23FA49}.Debug|Any CPU.Build.0 = Debug|Any CPU
		{931B2290-3EB9-4C85-B934-8D255D23FA49}.Release|Any CPU.ActiveCfg = Release|Any CPU
		{931B2290-3EB9-4C85-B934-8D255D23FA49}.Release|Any CPU.Build.0 = Release|Any CPU
		{97F60180-ADB2-4501-AFE2-B132995A7BEF}.Debug|Any CPU.ActiveCfg = Debug|Any CPU
		{97F60180-ADB2-4501-AFE2-B132995A7BEF}.Debug|Any CPU.Build.0 = Debug|Any CPU
		{97F60180-ADB2-4501-AFE2-B132995A7BEF}.Release|Any CPU.ActiveCfg = Release|Any CPU
		{97F60180-ADB2-4501-AFE2-B132995A7BEF}.Release|Any CPU.Build.0 = Release|Any CPU
		{48C98C22-3FA8-4610-8004-0539FC988C7E}.Debug|Any CPU.ActiveCfg = Debug|Any CPU
		{48C98C22-3FA8-4610-8004-0539FC988C7E}.Debug|Any CPU.Build.0 = Debug|Any CPU
		{48C98C22-3FA8-4610-8004-0539FC988C7E}.Release|Any CPU.ActiveCfg = Release|Any CPU
		{48C98C22-3FA8-4610-8004-0539FC988C7E}.Release|Any CPU.Build.0 = Release|Any CPU
		{1F80324B-7244-472E-BCB1-514627E752AA}.Debug|Any CPU.ActiveCfg = Debug|Any CPU
		{1F80324B-7244-472E-BCB1-514627E752AA}.Debug|Any CPU.Build.0 = Debug|Any CPU
		{1F80324B-7244-472E-BCB1-514627E752AA}.Release|Any CPU.ActiveCfg = Release|Any CPU
		{1F80324B-7244-472E-BCB1-514627E752AA}.Release|Any CPU.Build.0 = Release|Any CPU
	EndGlobalSection
	GlobalSection(SolutionProperties) = preSolution
		HideSolutionNode = FALSE
	EndGlobalSection
	GlobalSection(ExtensibilityGlobals) = postSolution
		SolutionGuid = {DB61BAB9-42A8-4696-8B74-848DF8554A94}
	EndGlobalSection
EndGlobal
